hash: 2174c5c93ab50c22b61173b8ac03d116e8071644b0ad4f5c771fdf4a25b324cd
updated: 2019-05-08T12:02:14.562638319-04:00
imports:
- name: github.com/andybalholm/cascadia
  version: 680b6a57bda4f657485ad44bdea42342ead737bc
- name: github.com/PuerkitoBio/goquery
  version: 2d2796f41742ece03e8086188fa4db16a3a0b458
- name: golang.org/x/net
  version: f4e77d36d62c17c2336347bb2670ddbd02d092b7
  subpackages:
  - html
  - html/atom
testImports: []
